
Microsoft Visual Studio Solution File, Format Version 12.00
# Visual Studio 15
VisualStudioVersion = 15.0.28307.705
MinimumVisualStudioVersion = 10.0.40219.1
Project("{8BC9CEB8-8B4A-11D0-8D11-00A0C91BC942}") = "practices_2", "practices_2\practices_2.vcxproj", "{47B96D1F-9E10-41B2-A66B-EA9E3E9316AC}"
EndProject
Global
	GlobalSection(SolutionConfigurationPlatforms) = preSolution
		Debug|x64 = Debug|x64
		Debug|x86 = Debug|x86
		Release|x64 = Release|x64
		Release|x86 = Release|x86
	EndGlobalSection
	GlobalSection(ProjectConfigurationPlatforms) = postSolution
		{47B96D1F-9E10-41B2-A66B-EA9E3E9316AC}.Debug|x64.ActiveCfg = Debug|x64
		{47B96D1F-9E10-41B2-A66B-EA9E3E9316AC}.Debug|x64.Build.0 = Debug|x64
		{47B96D1F-9E10-41B2-A66B-EA9E3E9316AC}.Debug|x86.ActiveCfg = Debug|Win32
		{47B96D1F-9E10-41B2-A66B-EA9E3E9316AC}.Debug|x86.Build.0 = Debug|Win32
		{47B96D1F-9E10-41B2-A66B-EA9E3E9316AC}.Release|x64.ActiveCfg = Release|x64
		{47B96D1F-9E10-41B2-A66B-EA9E3E9316AC}.Release|x64.Build.0 = Release|x64
		{47B96D1F-9E10-41B2-A66B-EA9E3E9316AC}.Release|x86.ActiveCfg = Release|Win32
		{47B96D1F-9E10-41B2-A66B-EA9E3E9316AC}.Release|x86.Build.0 = Release|Win32
	EndGlobalSection
	GlobalSection(SolutionProperties) = preSolution
		HideSolutionNode = FALSE
	EndGlobalSection
	GlobalSection(ExtensibilityGlobals) = postSolution
		SolutionGuid = {6EB04F70-1908-4B57-9FAB-23A86A176023}
	EndGlobalSection
EndGlobal
